{
  "object": {
    "pins": [
      {
        "package": "PerfectPostgreSQL",
        "repositoryURL": "https://github.com/PerfectlySoft/Perfect-PostgreSQL.git",
        "state": {
          "branch": null,
          "revision": "e32410260f101e5ee8dde5e369fcd6d61f355119",
          "version": "3.0.5"
        }
      },
      {
        "package": "libpq",
        "repositoryURL": "https://github.com/PerfectlySoft/Perfect-libpq.git",
        "state": {
          "branch": null,
          "revision": "8b8ff3ceff9af35d9fa4da1f3a93e77dabfcc095",
          "version": "2.0.1"
        }
      }
    ]
  },
  "version": 1
}
